
Microsoft Visual Studio Solution File, Format Version 12.00
# Visual Studio 15
VisualStudioVersion = 15.0.28010.2048
MinimumVisualStudioVersion = 10.0.40219.1
Project("{FAE04EC0-301F-11D3-BF4B-00C04F79EFBC}") = "NSKKTicaret.WebUI", "NSKKTicaret.WebUI\NSKKTicaret.WebUI.csproj", "{62478754-8CEA-4190-B87A-28A071856AD1}"
EndProject
Global
	GlobalSection(SolutionConfigurationPlatforms) = preSolution
		Debug|Any CPU = Debug|Any CPU
		Release|Any CPU = Release|Any CPU
	EndGlobalSection
	GlobalSection(ProjectConfigurationPlatforms) = postSolution
		{62478754-8CEA-4190-B87A-28A071856AD1}.Debug|Any CPU.ActiveCfg = Debug|Any CPU
		{62478754-8CEA-4190-B87A-28A071856AD1}.Debug|Any CPU.Build.0 = Debug|Any CPU
		{62478754-8CEA-4190-B87A-28A071856AD1}.Release|Any CPU.ActiveCfg = Release|Any CPU
		{62478754-8CEA-4190-B87A-28A071856AD1}.Release|Any CPU.Build.0 = Release|Any CPU
	EndGlobalSection
	GlobalSection(SolutionProperties) = preSolution
		HideSolutionNode = FALSE
	EndGlobalSection
	GlobalSection(ExtensibilityGlobals) = postSolution
		SolutionGuid = {806764F1-9C18-458F-90D5-EFB5EBAE20A9}
	EndGlobalSection
EndGlobal
